
Microsoft Visual Studio Solution File, Format Version 12.00
# Visual Studio Version 17
VisualStudioVersion = 17.11.35312.102
MinimumVisualStudioVersion = 10.0.40219.1
Project("{FAE04EC0-301F-11D3-BF4B-00C04F79EFBC}") = "TegolaAspire", "TegolaAspire\TegolaAspire.csproj", "{A443EC0F-C983-479C-B035-AD3748F22EBD}"
EndProject
Global
	GlobalSection(SolutionConfigurationPlatforms) = preSolution
		Debug|Any CPU = Debug|Any CPU
		Release|Any CPU = Release|Any CPU
	EndGlobalSection
	GlobalSection(ProjectConfigurationPlatforms) = postSolution
		{A443EC0F-C983-479C-B035-AD3748F22EBD}.Debug|Any CPU.ActiveCfg = Debug|Any CPU
		{A443EC0F-C983-479C-B035-AD3748F22EBD}.Debug|Any CPU.Build.0 = Debug|Any CPU
		{A443EC0F-C983-479C-B035-AD3748F22EBD}.Release|Any CPU.ActiveCfg = Release|Any CPU
		{A443EC0F-C983-479C-B035-AD3748F22EBD}.Release|Any CPU.Build.0 = Release|Any CPU
	EndGlobalSection
	GlobalSection(SolutionProperties) = preSolution
		HideSolutionNode = FALSE
	EndGlobalSection
	GlobalSection(ExtensibilityGlobals) = postSolution
		SolutionGuid = {687EB08B-3FAE-49B5-9414-61E0C8EF87B6}
	EndGlobalSection
EndGlobal
